
Microsoft Visual Studio Solution File, Format Version 12.00
# Visual Studio Version 17
VisualStudioVersion = 17.5.33516.290
MinimumVisualStudioVersion = 10.0.40219.1
Project("{FAE04EC0-301F-11D3-BF4B-00C04F79EFBC}") = "ParcialLabo2", "ParcialLabo2\ParcialLabo2.csproj", "{5884D815-B28E-4861-AAD4-C54E0A6A2BD4}"
EndProject
Project("{FAE04EC0-301F-11D3-BF4B-00C04F79EFBC}") = "ClassLibrary", "ClassLibrary\ClassLibrary.csproj", "{FA0073D7-C05C-41D1-BDAC-09253465BBF4}"
EndProject
Global
	GlobalSection(SolutionConfigurationPlatforms) = preSolution
		Debug|Any CPU = Debug|Any CPU
		Release|Any CPU = Release|Any CPU
	EndGlobalSection
	GlobalSection(ProjectConfigurationPlatforms) = postSolution
		{5884D815-B28E-4861-AAD4-C54E0A6A2BD4}.Debug|Any CPU.ActiveCfg = Debug|Any CPU
		{5884D815-B28E-4861-AAD4-C54E0A6A2BD4}.Debug|Any CPU.Build.0 = Debug|Any CPU
		{5884D815-B28E-4861-AAD4-C54E0A6A2BD4}.Release|Any CPU.ActiveCfg = Release|Any CPU
		{5884D815-B28E-4861-AAD4-C54E0A6A2BD4}.Release|Any CPU.Build.0 = Release|Any CPU
		{FA0073D7-C05C-41D1-BDAC-09253465BBF4}.Debug|Any CPU.ActiveCfg = Debug|Any CPU
		{FA0073D7-C05C-41D1-BDAC-09253465BBF4}.Debug|Any CPU.Build.0 = Debug|Any CPU
		{FA0073D7-C05C-41D1-BDAC-09253465BBF4}.Release|Any CPU.ActiveCfg = Release|Any CPU
		{FA0073D7-C05C-41D1-BDAC-09253465BBF4}.Release|Any CPU.Build.0 = Release|Any CPU
	EndGlobalSection
	GlobalSection(SolutionProperties) = preSolution
		HideSolutionNode = FALSE
	EndGlobalSection
	GlobalSection(ExtensibilityGlobals) = postSolution
		SolutionGuid = {2627E475-7E80-44FD-904B-B11BC91D4C77}
	EndGlobalSection
EndGlobal
